// !$*UTF8*$!
{
	archiveVersion = 1;
	classes = {
	};
	objectVersion = 46;
	objects = {

/* Begin PBXBuildFile section */
		914CB005DE9BE64B633FB760 /* UIColor+NewCategory.m in Sources */ = {isa = PBXBuildFile; fileRef = 914CBA71EE1481B1E79FF2B1 /* UIColor+NewCategory.m */; };
		914CB11C266DEB2DADC299AA /* ResultCollectionViewLayout.m in Sources */ = {isa = PBXBuildFile; fileRef = 914CB793D6A5DE2475A826AD /* ResultCollectionViewLayout.m */; };
		914CB12CD7B79FA6332C1BFB /* LaunchScreen.xib in Resources */ = {isa = PBXBuildFile; fileRef = 914CB5E39B366B313E1A520F /* LaunchScreen.xib */; };
		914CB1AD74274B059E6A4CA4 /* Parser.m in Sources */ = {isa = PBXBuildFile; fileRef = 914CB36BCCAAA8E0D4787F5E /* Parser.m */; };
		914CB247703FFE19862A4699 /* NumberWrappingLayoutCalculatorTest.m in Sources */ = {isa = PBXBuildFile; fileRef = 914CB8ADF7B1A78F95D55BAB /* NumberWrappingLayoutCalculatorTest.m */; };
		914CB25FA31E1796A5461766 /* TestFixtures.m in Sources */ = {isa = PBXBuildFile; fileRef = 914CB32BDECB75AAFDE8A8ED /* TestFixtures.m */; };
		914CB3B555D13EE7DE8E2E47 /* OperatorBuilder.m in Sources */ = {isa = PBXBuildFile; fileRef = 914CB77DD62A3DD2D0A84DE4 /* OperatorBuilder.m */; };
		914CB54CEA6F806041B8ABD3 /* SimpleCollectionViewCell.m in Sources */ = {isa = PBXBuildFile; fileRef = 914CBD7A65D60D3F09EB8C7C /* SimpleCollectionViewCell.m */; };
		914CB625B5561B8DF7E0CFC0 /* ParseItem.m in Sources */ = {isa = PBXBuildFile; fileRef = 914CB814F2E3FE9B8984137D /* ParseItem.m */; };
		914CB6631C2F1FAD9401E283 /* Main.storyboard in Resources */ = {isa = PBXBuildFile; fileRef = 914CBB52F83F3C1DAC8B6625 /* Main.storyboard */; };
		914CB715B7F26799094FEBFC /* DigitFactory.m in Sources */ = {isa = PBXBuildFile; fileRef = 914CB3131E40C29EC3077D4A /* DigitFactory.m */; };
		914CB790977D82F97414D330 /* OperatorMap.m in Sources */ = {isa = PBXBuildFile; fileRef = 914CBEC5335B4BF2B8CF491D /* OperatorMap.m */; };
		914CB870AECF941BDF14E8C2 /* ExpressionTest.m in Sources */ = {isa = PBXBuildFile; fileRef = 914CB5A346BB740958DDE8B4 /* ExpressionTest.m */; };
		914CB937C64DEF7107080830 /* Sounds.m in Sources */ = {isa = PBXBuildFile; fileRef = 914CBDB11C87B48FF1C5B7FD /* Sounds.m */; };
		914CB95E9202F381887EBAFB /* OperatorFactory.m in Sources */ = {isa = PBXBuildFile; fileRef = 914CB9392C0D8F598BECCF7B /* OperatorFactory.m */; };
		914CBA5C037D61EFAE1DB001 /* CALayer+NewCategory.m in Sources */ = {isa = PBXBuildFile; fileRef = 914CBF0DCA8CC6E6EDFE659A /* CALayer+NewCategory.m */; };
		914CBB2005A6995428799172 /* AppDelegate.m in Sources */ = {isa = PBXBuildFile; fileRef = 914CB479BAD5699ED9B7C2FA /* AppDelegate.m */; };
		914CBC31A9FEB09E009C5F71 /* ResultsCollection.m in Sources */ = {isa = PBXBuildFile; fileRef = 914CBC34DFE9F966B62C8E5A /* ResultsCollection.m */; };
		914CBCB678D93ADF1E4946BD /* DataItemView.m in Sources */ = {isa = PBXBuildFile; fileRef = 914CB1306033F9C4BDCA20F6 /* DataItemView.m */; };
		914CBCC3B96D5CA79BEE8C77 /* DateMathsViewModel.m in Sources */ = {isa = PBXBuildFile; fileRef = 914CBA329EF88E051638C3E2 /* DateMathsViewModel.m */; };
		914CBD7FCD50F049842EDC89 /* Images.xcassets in Resources */ = {isa = PBXBuildFile; fileRef = 914CB9D3C69619BA9B98BB48 /* Images.xcassets */; };
		914CBF27319C07554EC7C084 /* main.m in Sources */ = {isa = PBXBuildFile; fileRef = 914CB04F81F03B4475E8AAE0 /* main.m */; };
		914CBFF934113B500AA477F7 /* ParserTestUtils.m in Sources */ = {isa = PBXBuildFile; fileRef = 914CBFE8D7832200898A7360 /* ParserTestUtils.m */; };
		9E0E2A401B14A0E800640211 /* CalendarViewController.m in Sources */ = {isa = PBXBuildFile; fileRef = 9E0E2A3F1B14A0E800640211 /* CalendarViewController.m */; };
		9E0E2A431B14A71800640211 /* CalendarDataSource.m in Sources */ = {isa = PBXBuildFile; fileRef = 9E0E2A421B14A71800640211 /* CalendarDataSource.m */; };
		9E42E76E1AE2486B0084B471 /* LevelCollection.m in Sources */ = {isa = PBXBuildFile; fileRef = 9E42E7691AE2486B0084B471 /* LevelCollection.m */; };
		9E42E76F1AE2486B0084B471 /* LevelCollectionViewDataSource.m in Sources */ = {isa = PBXBuildFile; fileRef = 9E42E76B1AE2486B0084B471 /* LevelCollectionViewDataSource.m */; };
		9E42E7701AE2486B0084B471 /* LevelItem.m in Sources */ = {isa = PBXBuildFile; fileRef = 9E42E76D1AE2486B0084B471 /* LevelItem.m */; };
		9E5F76CD1AD236E0001D69F5 /* Digit.m in Sources */ = {isa = PBXBuildFile; fileRef = 9E5F76B51AD236E0001D69F5 /* Digit.m */; };
		9E5F76CE1AD236E0001D69F5 /* DigitCollection.m in Sources */ = {isa = PBXBuildFile; fileRef = 9E5F76B71AD236E0001D69F5 /* DigitCollection.m */; };
		9E5F76CF1AD236E0001D69F5 /* DigitCollectionDataSource.m in Sources */ = {isa = PBXBuildFile; fileRef = 9E5F76B91AD236E0001D69F5 /* DigitCollectionDataSource.m */; };
		9E5F76D01AD236E0001D69F5 /* Operator.m in Sources */ = {isa = PBXBuildFile; fileRef = 9E5F76BC1AD236E0001D69F5 /* Operator.m */; };
		9E5F76D11AD236E0001D69F5 /* OperatorCollection.m in Sources */ = {isa = PBXBuildFile; fileRef = 9E5F76BE1AD236E0001D69F5 /* OperatorCollection.m */; };
		9E5F76D21AD236E0001D69F5 /* OperatorCollectionDataSource.m in Sources */ = {isa = PBXBuildFile; fileRef = 9E5F76C01AD236E0001D69F5 /* OperatorCollectionDataSource.m */; };
		9E5F76D31AD236E0001D69F5 /* ResultsCollectionViewDataSource.m in Sources */ = {isa = PBXBuildFile; fileRef = 9E5F76C31AD236E0001D69F5 /* ResultsCollectionViewDataSource.m */; };
		9E744F701AF7A4E10017174D /* CoreAudio.framework in Frameworks */ = {isa = PBXBuildFile; fileRef = 9E744F6F1AF7A4E10017174D /* CoreAudio.framework */; };
		9E7CF4341AD5481E00317897 /* ParserTest.m in Sources */ = {isa = PBXBuildFile; fileRef = 914CB4207F649F3FD0605CF7 /* ParserTest.m */; };
		9E89CC121AC7F58B0086C816 /* DateMathsViewController.m in Sources */ = {isa = PBXBuildFile; fileRef = 9E89CC111AC7F58B0086C816 /* DateMathsViewController.m */; };
		9E8B18B21AF8C627009EE106 /* AVFoundation.framework in Frameworks */ = {isa = PBXBuildFile; fileRef = 9E8B18B11AF8C627009EE106 /* AVFoundation.framework */; };
		9E8B18BF1AF8F16E009EE106 /* background.mp3 in Resources */ = {isa = PBXBuildFile; fileRef = 9E8B18BD1AF8F16E009EE106 /* background.mp3 */; };
		9E8B18C01AF8F16E009EE106 /* marimba.m4a in Resources */ = {isa = PBXBuildFile; fileRef = 9E8B18BE1AF8F16E009EE106 /* marimba.m4a */; };
		9E8B18C31AF8F4F5009EE106 /* SplashScreenViewController.m in Sources */ = {isa = PBXBuildFile; fileRef = 9E8B18C21AF8F4F5009EE106 /* SplashScreenViewController.m */; };
		9E9B14561AEB6D9B0044EC90 /* SimpleCollectionViewCell.xib in Resources */ = {isa = PBXBuildFile; fileRef = 914CBA6A542E628E5ADD25FD /* SimpleCollectionViewCell.xib */; };
		9E9E3C5B1B0B54AD00D49818 /* Neon Glow.ttf in Resources */ = {isa = PBXBuildFile; fileRef = 9E9E3C5A1B0B54AD00D49818 /* Neon Glow.ttf */; };
		9E9E3C621B0B64D000D49818 /* BouncingCubedViewController.m in Sources */ = {isa = PBXBuildFile; fileRef = 9E9E3C611B0B64D000D49818 /* BouncingCubedViewController.m */; };
		9E9E3C651B0B678300D49818 /* BouncyBehaviour.m in Sources */ = {isa = PBXBuildFile; fileRef = 9E9E3C641B0B678300D49818 /* BouncyBehaviour.m */; };
		9ED3179D1AEC636900AC2FD2 /* NumberWrappingLayoutCalculator.m in Sources */ = {isa = PBXBuildFile; fileRef = 9ED3179C1AEC636900AC2FD2 /* NumberWrappingLayoutCalculator.m */; };
		9ED317A01AED104D00AC2FD2 /* DragResultsMovingDynamicBehaviour.m in Sources */ = {isa = PBXBuildFile; fileRef = 9ED3179F1AED104D00AC2FD2 /* DragResultsMovingDynamicBehaviour.m */; };
		A830C24FDC4ADA5850A9DC5F /* Pods_DateMathsTests.framework in Frameworks */ = {isa = PBXBuildFile; fileRef = EF786EAEB303B88BA017ABF7 /* Pods_DateMathsTests.framework */; settings = {ATTRIBUTES = (Weak, ); }; };
/* End PBXBuildFile section */

/* Begin PBXContainerItemProxy section */
		914CB23D2C09E09D3336CBDE /* PBXContainerItemProxy */ = {
			isa = PBXContainerItemProxy;
			containerPortal = 914CB53B2735A6BBBB7F30D1 /* Project object */;
			proxyType = 1;
			remoteGlobalIDString = 914CBD8BD60D2A7EE055A073;
			remoteInfo = DateMaths;
		};
/* End PBXContainerItemProxy section */

/* Begin PBXFileReference section */
		914CB04F81F03B4475E8AAE0 /* main.m */ = {isa = PBXFileReference; lastKnownFileType = sourcecode.c.objc; path = main.m; sourceTree = "<group>"; };
		914CB0A91F98BAB9285CBFFF /* Info.plist */ = {isa = PBXFileReference; lastKnownFileType = text.plist.info; path = Info.plist; sourceTree = "<group>"; };
		914CB1120D5FDF945F364A6F /* Base */ = {isa = PBXFileReference; lastKnownFileType = file.xib; name = Base; path = Base.lproj/LaunchScreen.xib; sourceTree = "<group>"; };
		914CB1306033F9C4BDCA20F6 /* DataItemView.m */ = {isa = PBXFileReference; fileEncoding = 4; lastKnownFileType = sourcecode.c.objc; path = DataItemView.m; sourceTree = "<group>"; };
		914CB13955935C364A5CDCFF /* TestFixtures.h */ = {isa = PBXFileReference; fileEncoding = 4; lastKnownFileType = sourcecode.c.h; path = TestFixtures.h; sourceTree = "<group>"; };
		914CB17E859B3E1BFBFCC30B /* ParseItem.h */ = {isa = PBXFileReference; fileEncoding = 4; lastKnownFileType = sourcecode.c.h; name = ParseItem.h; path = Parser/ParseItem.h; sourceTree = "<group>"; };
		914CB19C2AE9ADF7C4635112 /* KeyedCollection.h */ = {isa = PBXFileReference; fileEncoding = 4; lastKnownFileType = sourcecode.c.h; path = KeyedCollection.h; sourceTree = "<group>"; };
		914CB1BC285DED776267516E /* DateMathsTests.xctest */ = {isa = PBXFileReference; explicitFileType = wrapper.cfbundle; includeInIndex = 0; path = DateMathsTests.xctest; sourceTree = BUILT_PRODUCTS_DIR; };
		914CB27102B12DCA48BEAB64 /* OperatorBuilder.h */ = {isa = PBXFileReference; fileEncoding = 4; lastKnownFileType = sourcecode.c.h; path = OperatorBuilder.h; sourceTree = "<group>"; };
		914CB2A9B34A6BE6F1F305A0 /* ParserTestUtils.h */ = {isa = PBXFileReference; fileEncoding = 4; lastKnownFileType = sourcecode.c.h; name = ParserTestUtils.h; path = Parser/ParserTestUtils.h; sourceTree = "<group>"; };
		914CB3131E40C29EC3077D4A /* DigitFactory.m */ = {isa = PBXFileReference; fileEncoding = 4; lastKnownFileType = sourcecode.c.objc; path = DigitFactory.m; sourceTree = "<group>"; };
		914CB32BDECB75AAFDE8A8ED /* TestFixtures.m */ = {isa = PBXFileReference; fileEncoding = 4; lastKnownFileType = sourcecode.c.objc; path = TestFixtures.m; sourceTree = "<group>"; };
		914CB33E3160E188773DD3F1 /* DigitFactory.h */ = {isa = PBXFileReference; fileEncoding = 4; lastKnownFileType = sourcecode.c.h; path = DigitFactory.h; sourceTree = "<group>"; };
		914CB36BCCAAA8E0D4787F5E /* Parser.m */ = {isa = PBXFileReference; fileEncoding = 4; lastKnownFileType = sourcecode.c.objc; name = Parser.m; path = Parser/Parser.m; sourceTree = "<group>"; };
		914CB41D925564E2995D5B39 /* Sounds.h */ = {isa = PBXFileReference; fileEncoding = 4; lastKnownFileType = sourcecode.c.h; path = Sounds.h; sourceTree = "<group>"; };
		914CB4207F649F3FD0605CF7 /* ParserTest.m */ = {isa = PBXFileReference; fileEncoding = 4; lastKnownFileType = sourcecode.c.objc; name = ParserTest.m; path = Parser/ParserTest.m; sourceTree = "<group>"; };
		914CB479BAD5699ED9B7C2FA /* AppDelegate.m */ = {isa = PBXFileReference; lastKnownFileType = sourcecode.c.objc; path = AppDelegate.m; sourceTree = "<group>"; };
		914CB4F47E503E9FE60ED675 /* ResultCollectionViewLayout.h */ = {isa = PBXFileReference; fileEncoding = 4; lastKnownFileType = sourcecode.c.h; path = ResultCollectionViewLayout.h; sourceTree = "<group>"; };
		914CB54EA3F6E6AABF8ED12E /* AppDelegate.h */ = {isa = PBXFileReference; lastKnownFileType = sourcecode.c.h; path = AppDelegate.h; sourceTree = "<group>"; };
		914CB5A346BB740958DDE8B4 /* ExpressionTest.m */ = {isa = PBXFileReference; fileEncoding = 4; lastKnownFileType = sourcecode.c.objc; name = ExpressionTest.m; path = Expression/ExpressionTest.m; sourceTree = "<group>"; };
		914CB5A5CD6CDED4AA7ADDF3 /* UIColor+NewCategory.h */ = {isa = PBXFileReference; fileEncoding = 4; lastKnownFileType = sourcecode.c.h; path = "UIColor+NewCategory.h"; sourceTree = "<group>"; };
		914CB6375BE3E96890A1CF32 /* Info.plist */ = {isa = PBXFileReference; lastKnownFileType = text.plist.info; path = Info.plist; sourceTree = "<group>"; };
		914CB690CEEFC313A6A8BFEA /* ResultsCollection.h */ = {isa = PBXFileReference; fileEncoding = 4; lastKnownFileType = sourcecode.c.h; path = ResultsCollection.h; sourceTree = "<group>"; };
		914CB73BA09CEFB74D83EEFA /* Parser.h */ = {isa = PBXFileReference; fileEncoding = 4; lastKnownFileType = sourcecode.c.h; name = Parser.h; path = Parser/Parser.h; sourceTree = "<group>"; };
		914CB77DD62A3DD2D0A84DE4 /* OperatorBuilder.m */ = {isa = PBXFileReference; fileEncoding = 4; lastKnownFileType = sourcecode.c.objc; path = OperatorBuilder.m; sourceTree = "<group>"; };
		914CB793D6A5DE2475A826AD /* ResultCollectionViewLayout.m */ = {isa = PBXFileReference; fileEncoding = 4; lastKnownFileType = sourcecode.c.objc; path = ResultCollectionViewLayout.m; sourceTree = "<group>"; };
		914CB7F71ECE5F0052D94EBB /* DataItem.h */ = {isa = PBXFileReference; fileEncoding = 4; lastKnownFileType = sourcecode.c.h; path = DataItem.h; sourceTree = "<group>"; };
		914CB814F2E3FE9B8984137D /* ParseItem.m */ = {isa = PBXFileReference; fileEncoding = 4; lastKnownFileType = sourcecode.c.objc; name = ParseItem.m; path = Parser/ParseItem.m; sourceTree = "<group>"; };
		914CB8A696E0C0265376F126 /* Base */ = {isa = PBXFileReference; lastKnownFileType = file.storyboard; name = Base; path = Base.lproj/Main.storyboard; sourceTree = "<group>"; };
		914CB8ADF7B1A78F95D55BAB /* NumberWrappingLayoutCalculatorTest.m */ = {isa = PBXFileReference; fileEncoding = 4; lastKnownFileType = sourcecode.c.objc; name = NumberWrappingLayoutCalculatorTest.m; path = ResultsLayout/NumberWrappingLayoutCalculatorTest.m; sourceTree = "<group>"; };
		914CB9392C0D8F598BECCF7B /* OperatorFactory.m */ = {isa = PBXFileReference; fileEncoding = 4; lastKnownFileType = sourcecode.c.objc; path = OperatorFactory.m; sourceTree = "<group>"; };
		914CB9D3C69619BA9B98BB48 /* Images.xcassets */ = {isa = PBXFileReference; lastKnownFileType = folder.assetcatalog; path = Images.xcassets; sourceTree = "<group>"; };
		914CBA329EF88E051638C3E2 /* DateMathsViewModel.m */ = {isa = PBXFileReference; fileEncoding = 4; lastKnownFileType = sourcecode.c.objc; path = DateMathsViewModel.m; sourceTree = "<group>"; };
		914CBA6A542E628E5ADD25FD /* SimpleCollectionViewCell.xib */ = {isa = PBXFileReference; lastKnownFileType = file.xib; path = SimpleCollectionViewCell.xib; sourceTree = "<group>"; };
		914CBA71EE1481B1E79FF2B1 /* UIColor+NewCategory.m */ = {isa = PBXFileReference; fileEncoding = 4; lastKnownFileType = sourcecode.c.objc; path = "UIColor+NewCategory.m"; sourceTree = "<group>"; };
		914CBAA50A5591BB3AD060B6 /* CALayer+NewCategory.h */ = {isa = PBXFileReference; fileEncoding = 4; lastKnownFileType = sourcecode.c.h; path = "CALayer+NewCategory.h"; sourceTree = "<group>"; };
		914CBABF8458B64D6C56CCB5 /* DateMathsViewModel.h */ = {isa = PBXFileReference; fileEncoding = 4; lastKnownFileType = sourcecode.c.h; path = DateMathsViewModel.h; sourceTree = "<group>"; };
		914CBB122EB9CF6F5DEE4671 /* SimpleCollectionViewCell.h */ = {isa = PBXFileReference; fileEncoding = 4; lastKnownFileType = sourcecode.c.h; path = SimpleCollectionViewCell.h; sourceTree = "<group>"; };
		914CBB93D8423EF1CC2BF154 /* OperatorFactory.h */ = {isa = PBXFileReference; fileEncoding = 4; lastKnownFileType = sourcecode.c.h; path = OperatorFactory.h; sourceTree = "<group>"; };
		914CBBCCFB18AC4CCD919045 /* OperatorMap.h */ = {isa = PBXFileReference; fileEncoding = 4; lastKnownFileType = sourcecode.c.h; path = OperatorMap.h; sourceTree = "<group>"; };
		914CBC34DFE9F966B62C8E5A /* ResultsCollection.m */ = {isa = PBXFileReference; fileEncoding = 4; lastKnownFileType = sourcecode.c.objc; path = ResultsCollection.m; sourceTree = "<group>"; };
		914CBD7A65D60D3F09EB8C7C /* SimpleCollectionViewCell.m */ = {isa = PBXFileReference; fileEncoding = 4; lastKnownFileType = sourcecode.c.objc; path = SimpleCollectionViewCell.m; sourceTree = "<group>"; };
		914CBD7B0D8FA667D1F3DFD3 /* DateMaths.app */ = {isa = PBXFileReference; explicitFileType = wrapper.application; includeInIndex = 0; path = DateMaths.app; sourceTree = BUILT_PRODUCTS_DIR; };
		914CBD9F8BA54369A74D0677 /* IndexableCollection.h */ = {isa = PBXFileReference; fileEncoding = 4; lastKnownFileType = sourcecode.c.h; name = IndexableCollection.h; path = Digits/IndexableCollection.h; sourceTree = "<group>"; };
		914CBDB11C87B48FF1C5B7FD /* Sounds.m */ = {isa = PBXFileReference; fileEncoding = 4; lastKnownFileType = sourcecode.c.objc; path = Sounds.m; sourceTree = "<group>"; };
		914CBEC5335B4BF2B8CF491D /* OperatorMap.m */ = {isa = PBXFileReference; fileEncoding = 4; lastKnownFileType = sourcecode.c.objc; path = OperatorMap.m; sourceTree = "<group>"; };
		914CBEF5684FDE8D8D5B99B3 /* DataItemView.h */ = {isa = PBXFileReference; fileEncoding = 4; lastKnownFileType = sourcecode.c.h; path = DataItemView.h; sourceTree = "<group>"; };
		914CBF0DCA8CC6E6EDFE659A /* CALayer+NewCategory.m */ = {isa = PBXFileReference; fileEncoding = 4; lastKnownFileType = sourcecode.c.objc; path = "CALayer+NewCategory.m"; sourceTree = "<group>"; };
		914CBFE8D7832200898A7360 /* ParserTestUtils.m */ = {isa = PBXFileReference; fileEncoding = 4; lastKnownFileType = sourcecode.c.objc; name = ParserTestUtils.m; path = Parser/ParserTestUtils.m; sourceTree = "<group>"; };
		9E0E2A3E1B14A0E800640211 /* CalendarViewController.h */ = {isa = PBXFileReference; fileEncoding = 4; lastKnownFileType = sourcecode.c.h; path = CalendarViewController.h; sourceTree = "<group>"; };
		9E0E2A3F1B14A0E800640211 /* CalendarViewController.m */ = {isa = PBXFileReference; fileEncoding = 4; lastKnownFileType = sourcecode.c.objc; path = CalendarViewController.m; sourceTree = "<group>"; };
		9E0E2A411B14A71800640211 /* CalendarDataSource.h */ = {isa = PBXFileReference; fileEncoding = 4; lastKnownFileType = sourcecode.c.h; path = CalendarDataSource.h; sourceTree = "<group>"; };
		9E0E2A421B14A71800640211 /* CalendarDataSource.m */ = {isa = PBXFileReference; fileEncoding = 4; lastKnownFileType = sourcecode.c.objc; path = CalendarDataSource.m; sourceTree = "<group>"; };
		9E42E7681AE2486B0084B471 /* LevelCollection.h */ = {isa = PBXFileReference; fileEncoding = 4; lastKnownFileType = sourcecode.c.h; path = LevelCollection.h; sourceTree = "<group>"; };
		9E42E7691AE2486B0084B471 /* LevelCollection.m */ = {isa = PBXFileReference; fileEncoding = 4; lastKnownFileType = sourcecode.c.objc; path = LevelCollection.m; sourceTree = "<group>"; };
		9E42E76A1AE2486B0084B471 /* LevelCollectionViewDataSource.h */ = {isa = PBXFileReference; fileEncoding = 4; lastKnownFileType = sourcecode.c.h; path = LevelCollectionViewDataSource.h; sourceTree = "<group>"; };
		9E42E76B1AE2486B0084B471 /* LevelCollectionViewDataSource.m */ = {isa = PBXFileReference; fileEncoding = 4; lastKnownFileType = sourcecode.c.objc; path = LevelCollectionViewDataSource.m; sourceTree = "<group>"; };
		9E42E76C1AE2486B0084B471 /* LevelItem.h */ = {isa = PBXFileReference; fileEncoding = 4; lastKnownFileType = sourcecode.c.h; path = LevelItem.h; sourceTree = "<group>"; };
		9E42E76D1AE2486B0084B471 /* LevelItem.m */ = {isa = PBXFileReference; fileEncoding = 4; lastKnownFileType = sourcecode.c.objc; path = LevelItem.m; sourceTree = "<group>"; };
		9E5F76B31AD236E0001D69F5 /* CollectionDataSourceDelegate.h */ = {isa = PBXFileReference; fileEncoding = 4; lastKnownFileType = sourcecode.c.h; path = CollectionDataSourceDelegate.h; sourceTree = "<group>"; };
		9E5F76B41AD236E0001D69F5 /* Digit.h */ = {isa = PBXFileReference; fileEncoding = 4; lastKnownFileType = sourcecode.c.h; path = Digit.h; sourceTree = "<group>"; };
		9E5F76B51AD236E0001D69F5 /* Digit.m */ = {isa = PBXFileReference; fileEncoding = 4; lastKnownFileType = sourcecode.c.objc; path = Digit.m; sourceTree = "<group>"; };
		9E5F76B61AD236E0001D69F5 /* DigitCollection.h */ = {isa = PBXFileReference; fileEncoding = 4; lastKnownFileType = sourcecode.c.h; path = DigitCollection.h; sourceTree = "<group>"; };
		9E5F76B71AD236E0001D69F5 /* DigitCollection.m */ = {isa = PBXFileReference; fileEncoding = 4; lastKnownFileType = sourcecode.c.objc; path = DigitCollection.m; sourceTree = "<group>"; };
		9E5F76B81AD236E0001D69F5 /* DigitCollectionDataSource.h */ = {isa = PBXFileReference; fileEncoding = 4; lastKnownFileType = sourcecode.c.h; path = DigitCollectionDataSource.h; sourceTree = "<group>"; };
		9E5F76B91AD236E0001D69F5 /* DigitCollectionDataSource.m */ = {isa = PBXFileReference; fileEncoding = 4; lastKnownFileType = sourcecode.c.objc; path = DigitCollectionDataSource.m; sourceTree = "<group>"; };
		9E5F76BB1AD236E0001D69F5 /* Operator.h */ = {isa = PBXFileReference; fileEncoding = 4; lastKnownFileType = sourcecode.c.h; path = Operator.h; sourceTree = "<group>"; };
		9E5F76BC1AD236E0001D69F5 /* Operator.m */ = {isa = PBXFileReference; fileEncoding = 4; lastKnownFileType = sourcecode.c.objc; path = Operator.m; sourceTree = "<group>"; };
		9E5F76BD1AD236E0001D69F5 /* OperatorCollection.h */ = {isa = PBXFileReference; fileEncoding = 4; lastKnownFileType = sourcecode.c.h; path = OperatorCollection.h; sourceTree = "<group>"; };
		9E5F76BE1AD236E0001D69F5 /* OperatorCollection.m */ = {isa = PBXFileReference; fileEncoding = 4; lastKnownFileType = sourcecode.c.objc; path = OperatorCollection.m; sourceTree = "<group>"; };
		9E5F76BF1AD236E0001D69F5 /* OperatorCollectionDataSource.h */ = {isa = PBXFileReference; fileEncoding = 4; lastKnownFileType = sourcecode.c.h; path = OperatorCollectionDataSource.h; sourceTree = "<group>"; };
		9E5F76C01AD236E0001D69F5 /* OperatorCollectionDataSource.m */ = {isa = PBXFileReference; fileEncoding = 4; lastKnownFileType = sourcecode.c.objc; path = OperatorCollectionDataSource.m; sourceTree = "<group>"; };
		9E5F76C21AD236E0001D69F5 /* ResultsCollectionViewDataSource.h */ = {isa = PBXFileReference; fileEncoding = 4; lastKnownFileType = sourcecode.c.h; path = ResultsCollectionViewDataSource.h; sourceTree = "<group>"; };
		9E5F76C31AD236E0001D69F5 /* ResultsCollectionViewDataSource.m */ = {isa = PBXFileReference; fileEncoding = 4; lastKnownFileType = sourcecode.c.objc; path = ResultsCollectionViewDataSource.m; sourceTree = "<group>"; };
		9E744F6F1AF7A4E10017174D /* CoreAudio.framework */ = {isa = PBXFileReference; lastKnownFileType = wrapper.framework; name = CoreAudio.framework; path = System/Library/Frameworks/CoreAudio.framework; sourceTree = SDKROOT; };
		9E744F711AF7A5070017174D /* AdSupport.framework */ = {isa = PBXFileReference; lastKnownFileType = wrapper.framework; name = AdSupport.framework; path = System/Library/Frameworks/AdSupport.framework; sourceTree = SDKROOT; };
		9E744F731AF7A5100017174D /* CoreAudioKit.framework */ = {isa = PBXFileReference; lastKnownFileType = wrapper.framework; name = CoreAudioKit.framework; path = System/Library/Frameworks/CoreAudioKit.framework; sourceTree = SDKROOT; };
		9E89CC101AC7F58B0086C816 /* DateMathsViewController.h */ = {isa = PBXFileReference; fileEncoding = 4; lastKnownFileType = sourcecode.c.h; path = DateMathsViewController.h; sourceTree = "<group>"; };
		9E89CC111AC7F58B0086C816 /* DateMathsViewController.m */ = {isa = PBXFileReference; fileEncoding = 4; lastKnownFileType = sourcecode.c.objc; path = DateMathsViewController.m; sourceTree = "<group>"; };
		9E8B18B11AF8C627009EE106 /* AVFoundation.framework */ = {isa = PBXFileReference; lastKnownFileType = wrapper.framework; name = AVFoundation.framework; path = System/Library/Frameworks/AVFoundation.framework; sourceTree = SDKROOT; };
		9E8B18BD1AF8F16E009EE106 /* background.mp3 */ = {isa = PBXFileReference; lastKnownFileType = audio.mp3; path = background.mp3; sourceTree = "<group>"; };
		9E8B18BE1AF8F16E009EE106 /* marimba.m4a */ = {isa = PBXFileReference; lastKnownFileType = file; path = marimba.m4a; sourceTree = "<group>"; };
		9E8B18C11AF8F4F5009EE106 /* SplashScreenViewController.h */ = {isa = PBXFileReference; fileEncoding = 4; lastKnownFileType = sourcecode.c.h; path = SplashScreenViewController.h; sourceTree = "<group>"; };
		9E8B18C21AF8F4F5009EE106 /* SplashScreenViewController.m */ = {isa = PBXFileReference; fileEncoding = 4; lastKnownFileType = sourcecode.c.objc; path = SplashScreenViewController.m; sourceTree = "<group>"; };
		9E9E3C5A1B0B54AD00D49818 /* Neon Glow.ttf */ = {isa = PBXFileReference; lastKnownFileType = file; path = "Neon Glow.ttf"; sourceTree = "<group>"; };
		9E9E3C601B0B64D000D49818 /* BouncingCubedViewController.h */ = {isa = PBXFileReference; fileEncoding = 4; lastKnownFileType = sourcecode.c.h; path = BouncingCubedViewController.h; sourceTree = "<group>"; };
		9E9E3C611B0B64D000D49818 /* BouncingCubedViewController.m */ = {isa = PBXFileReference; fileEncoding = 4; lastKnownFileType = sourcecode.c.objc; path = BouncingCubedViewController.m; sourceTree = "<group>"; };
		9E9E3C631B0B678300D49818 /* BouncyBehaviour.h */ = {isa = PBXFileReference; fileEncoding = 4; lastKnownFileType = sourcecode.c.h; path = BouncyBehaviour.h; sourceTree = "<group>"; };
		9E9E3C641B0B678300D49818 /* BouncyBehaviour.m */ = {isa = PBXFileReference; fileEncoding = 4; lastKnownFileType = sourcecode.c.objc; path = BouncyBehaviour.m; sourceTree = "<group>"; };
		9ED3179B1AEC636900AC2FD2 /* NumberWrappingLayoutCalculator.h */ = {isa = PBXFileReference; fileEncoding = 4; lastKnownFileType = sourcecode.c.h; path = NumberWrappingLayoutCalculator.h; sourceTree = "<group>"; };
		9ED3179C1AEC636900AC2FD2 /* NumberWrappingLayoutCalculator.m */ = {isa = PBXFileReference; fileEncoding = 4; lastKnownFileType = sourcecode.c.objc; path = NumberWrappingLayoutCalculator.m; sourceTree = "<group>"; };
		9ED3179E1AED104D00AC2FD2 /* DragResultsMovingDynamicBehaviour.h */ = {isa = PBXFileReference; fileEncoding = 4; lastKnownFileType = sourcecode.c.h; name = DragResultsMovingDynamicBehaviour.h; path = Animation/DragResultsMovingDynamicBehaviour.h; sourceTree = "<group>"; };
		9ED3179F1AED104D00AC2FD2 /* DragResultsMovingDynamicBehaviour.m */ = {isa = PBXFileReference; fileEncoding = 4; lastKnownFileType = sourcecode.c.objc; name = DragResultsMovingDynamicBehaviour.m; path = Animation/DragResultsMovingDynamicBehaviour.m; sourceTree = "<group>"; };
		BDA24A1FF30C550BE15C6B56 /* Pods-DateMathsTests.debug.xcconfig */ = {isa = PBXFileReference; includeInIndex = 1; lastKnownFileType = text.xcconfig; name = "Pods-DateMathsTests.debug.xcconfig"; path = "Pods/Target Support Files/Pods-DateMathsTests/Pods-DateMathsTests.debug.xcconfig"; sourceTree = "<group>"; };
		EF786EAEB303B88BA017ABF7 /* Pods_DateMathsTests.framework */ = {isa = PBXFileReference; explicitFileType = wrapper.framework; includeInIndex = 0; path = Pods_DateMathsTests.framework; sourceTree = BUILT_PRODUCTS_DIR; };
		FD25788D443D0AC2A71F8ED8 /* Pods-DateMathsTests.release.xcconfig */ = {isa = PBXFileReference; includeInIndex = 1; lastKnownFileType = text.xcconfig; name = "Pods-DateMathsTests.release.xcconfig"; path = "Pods/Target Support Files/Pods-DateMathsTests/Pods-DateMathsTests.release.xcconfig"; sourceTree = "<group>"; };
/* End PBXFileReference section */

/* Begin PBXFrameworksBuildPhase section */
		914CB4B7B1ACFFDA9690C1BC /* Frameworks */ = {
			isa = PBXFrameworksBuildPhase;
			buildActionMask = 2147483647;
			files = (
				9E8B18B21AF8C627009EE106 /* AVFoundation.framework in Frameworks */,
				9E744F701AF7A4E10017174D /* CoreAudio.framework in Frameworks */,
			);
			runOnlyForDeploymentPostprocessing = 0;
		};
		914CB941924E778EFB3379C8 /* Frameworks */ = {
			isa = PBXFrameworksBuildPhase;
			buildActionMask = 2147483647;
			files = (
				A830C24FDC4ADA5850A9DC5F /* Pods_DateMathsTests.framework in Frameworks */,
			);
			runOnlyForDeploymentPostprocessing = 0;
		};
/* End PBXFrameworksBuildPhase section */

/* Begin PBXGroup section */
		283BA2893EB1C610375889E5 /* Frameworks */ = {
			isa = PBXGroup;
			children = (
				9E8B18B11AF8C627009EE106 /* AVFoundation.framework */,
				9E744F731AF7A5100017174D /* CoreAudioKit.framework */,
				9E744F711AF7A5070017174D /* AdSupport.framework */,
				9E744F6F1AF7A4E10017174D /* CoreAudio.framework */,
				EF786EAEB303B88BA017ABF7 /* Pods_DateMathsTests.framework */,
			);
			name = Frameworks;
			sourceTree = "<group>";
		};
		914CB3B821B5EDE5E8C139F1 /* Supporting Files */ = {
			isa = PBXGroup;
			children = (
				914CB0A91F98BAB9285CBFFF /* Info.plist */,
			);
			name = "Supporting Files";
			sourceTree = "<group>";
		};
		914CB63F45E87E6A734ED989 /* DateMathsTests */ = {
			isa = PBXGroup;
			children = (
				914CB3B821B5EDE5E8C139F1 /* Supporting Files */,
				914CB4207F649F3FD0605CF7 /* ParserTest.m */,
				914CBFE8D7832200898A7360 /* ParserTestUtils.m */,
				914CB2A9B34A6BE6F1F305A0 /* ParserTestUtils.h */,
				914CB5A346BB740958DDE8B4 /* ExpressionTest.m */,
				914CB8ADF7B1A78F95D55BAB /* NumberWrappingLayoutCalculatorTest.m */,
				914CB32BDECB75AAFDE8A8ED /* TestFixtures.m */,
				914CB13955935C364A5CDCFF /* TestFixtures.h */,
			);
			path = DateMathsTests;
			sourceTree = "<group>";
		};
		914CB686278262773B0FDF07 /* Products */ = {
			isa = PBXGroup;
			children = (
				914CBD7B0D8FA667D1F3DFD3 /* DateMaths.app */,
				914CB1BC285DED776267516E /* DateMathsTests.xctest */,
			);
			name = Products;
			sourceTree = "<group>";
		};
		914CB79FD4C44969035FF80D = {
			isa = PBXGroup;
			children = (
				9E8B18BC1AF8F16E009EE106 /* sounds */,
				9E1E01E01AE2829E0035A5D7 /* CollectionView */,
				914CBC5C97790867B37B96F4 /* DateMaths */,
				914CB63F45E87E6A734ED989 /* DateMathsTests */,
				283BA2893EB1C610375889E5 /* Frameworks */,
				D7D9C219463019C586459BEA /* Pods */,
				914CB686278262773B0FDF07 /* Products */,
			);
			sourceTree = "<group>";
		};
		914CB8ECE2DC34F51FC0FB4F /* Supporting Files */ = {
			isa = PBXGroup;
			children = (
				914CB6375BE3E96890A1CF32 /* Info.plist */,
				914CB04F81F03B4475E8AAE0 /* main.m */,
				914CBD9F8BA54369A74D0677 /* IndexableCollection.h */,
			);
			name = "Supporting Files";
			sourceTree = "<group>";
		};
		914CBC5C97790867B37B96F4 /* DateMaths */ = {
			isa = PBXGroup;
			children = (
				9E0E2A3D1B14A0E800640211 /* Calendar */,
				914CB54EA3F6E6AABF8ED12E /* AppDelegate.h */,
				914CB479BAD5699ED9B7C2FA /* AppDelegate.m */,
				9E9E3C5F1B0B64D000D49818 /* BouncingCubes */,
				914CBAA50A5591BB3AD060B6 /* CALayer+NewCategory.h */,
				914CBF0DCA8CC6E6EDFE659A /* CALayer+NewCategory.m */,
				914CB7F71ECE5F0052D94EBB /* DataItem.h */,
				9E89CC101AC7F58B0086C816 /* DateMathsViewController.h */,
				9E89CC111AC7F58B0086C816 /* DateMathsViewController.m */,
				914CBABF8458B64D6C56CCB5 /* DateMathsViewModel.h */,
				914CBA329EF88E051638C3E2 /* DateMathsViewModel.m */,
				9E5F76B21AD236E0001D69F5 /* Digits */,
				914CB9D3C69619BA9B98BB48 /* Images.xcassets */,
				914CB5E39B366B313E1A520F /* LaunchScreen.xib */,
				9E42E7671AE2486B0084B471 /* Level */,
				914CBB52F83F3C1DAC8B6625 /* Main.storyboard */,
				9E5F76BA1AD236E0001D69F5 /* Operator */,
				914CB17E859B3E1BFBFCC30B /* ParseItem.h */,
				914CB814F2E3FE9B8984137D /* ParseItem.m */,
				914CB73BA09CEFB74D83EEFA /* Parser.h */,
				914CB36BCCAAA8E0D4787F5E /* Parser.m */,
				9E9E3C591B0B54AD00D49818 /* Resources */,
				9E5F76C11AD236E0001D69F5 /* Results */,
				914CB41D925564E2995D5B39 /* Sounds.h */,
				914CBDB11C87B48FF1C5B7FD /* Sounds.m */,
				9E8B18C11AF8F4F5009EE106 /* SplashScreenViewController.h */,
				9E8B18C21AF8F4F5009EE106 /* SplashScreenViewController.m */,
				914CB8ECE2DC34F51FC0FB4F /* Supporting Files */,
			);
			path = DateMaths;
			sourceTree = "<group>";
		};
		9E0E2A3D1B14A0E800640211 /* Calendar */ = {
			isa = PBXGroup;
			children = (
				9E0E2A3E1B14A0E800640211 /* CalendarViewController.h */,
				9E0E2A3F1B14A0E800640211 /* CalendarViewController.m */,
				9E0E2A411B14A71800640211 /* CalendarDataSource.h */,
				9E0E2A421B14A71800640211 /* CalendarDataSource.m */,
				914CBA71EE1481B1E79FF2B1 /* UIColor+NewCategory.m */,
				914CB5A5CD6CDED4AA7ADDF3 /* UIColor+NewCategory.h */,
			);
			path = Calendar;
			sourceTree = "<group>";
		};
		9E1E01E01AE2829E0035A5D7 /* CollectionView */ = {
			isa = PBXGroup;
			children = (
				9ED3179B1AEC636900AC2FD2 /* NumberWrappingLayoutCalculator.h */,
				9ED3179C1AEC636900AC2FD2 /* NumberWrappingLayoutCalculator.m */,
				914CB4F47E503E9FE60ED675 /* ResultCollectionViewLayout.h */,
				914CB793D6A5DE2475A826AD /* ResultCollectionViewLayout.m */,
				914CBB122EB9CF6F5DEE4671 /* SimpleCollectionViewCell.h */,
				914CBD7A65D60D3F09EB8C7C /* SimpleCollectionViewCell.m */,
				914CBA6A542E628E5ADD25FD /* SimpleCollectionViewCell.xib */,
				9ED3179E1AED104D00AC2FD2 /* DragResultsMovingDynamicBehaviour.h */,
				9ED3179F1AED104D00AC2FD2 /* DragResultsMovingDynamicBehaviour.m */,
				914CB1306033F9C4BDCA20F6 /* DataItemView.m */,
				914CBEF5684FDE8D8D5B99B3 /* DataItemView.h */,
			);
			name = CollectionView;
			path = DateMaths/CollectionView;
			sourceTree = "<group>";
		};
		9E42E7671AE2486B0084B471 /* Level */ = {
			isa = PBXGroup;
			children = (
				9E42E7681AE2486B0084B471 /* LevelCollection.h */,
				9E42E7691AE2486B0084B471 /* LevelCollection.m */,
				9E42E76A1AE2486B0084B471 /* LevelCollectionViewDataSource.h */,
				9E42E76B1AE2486B0084B471 /* LevelCollectionViewDataSource.m */,
				9E42E76C1AE2486B0084B471 /* LevelItem.h */,
				9E42E76D1AE2486B0084B471 /* LevelItem.m */,
			);
			path = Level;
			sourceTree = "<group>";
		};
		9E5F76B21AD236E0001D69F5 /* Digits */ = {
			isa = PBXGroup;
			children = (
				9E5F76B31AD236E0001D69F5 /* CollectionDataSourceDelegate.h */,
				9E5F76B41AD236E0001D69F5 /* Digit.h */,
				9E5F76B51AD236E0001D69F5 /* Digit.m */,
				9E5F76B61AD236E0001D69F5 /* DigitCollection.h */,
				9E5F76B71AD236E0001D69F5 /* DigitCollection.m */,
				9E5F76B81AD236E0001D69F5 /* DigitCollectionDataSource.h */,
				9E5F76B91AD236E0001D69F5 /* DigitCollectionDataSource.m */,
				914CB33E3160E188773DD3F1 /* DigitFactory.h */,
				914CB3131E40C29EC3077D4A /* DigitFactory.m */,
				914CB19C2AE9ADF7C4635112 /* KeyedCollection.h */,
			);
			path = Digits;
			sourceTree = "<group>";
		};
		9E5F76BA1AD236E0001D69F5 /* Operator */ = {
			isa = PBXGroup;
			children = (
				9E5F76BB1AD236E0001D69F5 /* Operator.h */,
				9E5F76BC1AD236E0001D69F5 /* Operator.m */,
				9E5F76BD1AD236E0001D69F5 /* OperatorCollection.h */,
				9E5F76BE1AD236E0001D69F5 /* OperatorCollection.m */,
				9E5F76BF1AD236E0001D69F5 /* OperatorCollectionDataSource.h */,
				9E5F76C01AD236E0001D69F5 /* OperatorCollectionDataSource.m */,
				914CB77DD62A3DD2D0A84DE4 /* OperatorBuilder.m */,
				914CB27102B12DCA48BEAB64 /* OperatorBuilder.h */,
				914CB9392C0D8F598BECCF7B /* OperatorFactory.m */,
				914CBB93D8423EF1CC2BF154 /* OperatorFactory.h */,
				914CBEC5335B4BF2B8CF491D /* OperatorMap.m */,
				914CBBCCFB18AC4CCD919045 /* OperatorMap.h */,
			);
			path = Operator;
			sourceTree = "<group>";
		};
		9E5F76C11AD236E0001D69F5 /* Results */ = {
			isa = PBXGroup;
			children = (
				9E5F76C21AD236E0001D69F5 /* ResultsCollectionViewDataSource.h */,
				9E5F76C31AD236E0001D69F5 /* ResultsCollectionViewDataSource.m */,
				914CBC34DFE9F966B62C8E5A /* ResultsCollection.m */,
				914CB690CEEFC313A6A8BFEA /* ResultsCollection.h */,
			);
			path = Results;
			sourceTree = "<group>";
		};
		9E8B18BC1AF8F16E009EE106 /* sounds */ = {
			isa = PBXGroup;
			children = (
				9E8B18BD1AF8F16E009EE106 /* background.mp3 */,
				9E8B18BE1AF8F16E009EE106 /* marimba.m4a */,
			);
			name = sounds;
			path = DateMaths/sounds;
			sourceTree = "<group>";
		};
		9E9E3C591B0B54AD00D49818 /* Resources */ = {
			isa = PBXGroup;
			children = (
				9E9E3C5A1B0B54AD00D49818 /* Neon Glow.ttf */,
			);
			path = Resources;
			sourceTree = "<group>";
		};
		9E9E3C5F1B0B64D000D49818 /* BouncingCubes */ = {
			isa = PBXGroup;
			children = (
				9E9E3C601B0B64D000D49818 /* BouncingCubedViewController.h */,
				9E9E3C611B0B64D000D49818 /* BouncingCubedViewController.m */,
				9E9E3C631B0B678300D49818 /* BouncyBehaviour.h */,
				9E9E3C641B0B678300D49818 /* BouncyBehaviour.m */,
			);
			path = BouncingCubes;
			sourceTree = "<group>";
		};
		D7D9C219463019C586459BEA /* Pods */ = {
			isa = PBXGroup;
			children = (
				BDA24A1FF30C550BE15C6B56 /* Pods-DateMathsTests.debug.xcconfig */,
				FD25788D443D0AC2A71F8ED8 /* Pods-DateMathsTests.release.xcconfig */,
			);
			name = Pods;
			sourceTree = "<group>";
		};
/* End PBXGroup section */

/* Begin PBXNativeTarget section */
		914CB8B41D6B67C9CB1AE543 /* DateMathsTests */ = {
			isa = PBXNativeTarget;
			buildConfigurationList = 914CBCB7192BE08DCAC809BE /* Build configuration list for PBXNativeTarget "DateMathsTests" */;
			buildPhases = (
				A22BCE6375ADB43456F7CC2B /* Check Pods Manifest.lock */,
				914CB5742FBD58B7668BAC0F /* Sources */,
				914CB941924E778EFB3379C8 /* Frameworks */,
				914CB16CF052AD8CAA59586D /* Resources */,
				5829382E963DECB2D05C61EB /* Embed Pods Frameworks */,
				8FFA9401ADE93666C7CC8E2E /* Copy Pods Resources */,
			);
			buildRules = (
			);
			dependencies = (
				914CB1B514975F16CAD0F9CE /* PBXTargetDependency */,
			);
			name = DateMathsTests;
			productName = DateMathsTests;
			productReference = 914CB1BC285DED776267516E /* DateMathsTests.xctest */;
			productType = "com.apple.product-type.bundle.unit-test";
		};
		914CBD8BD60D2A7EE055A073 /* DateMaths */ = {
			isa = PBXNativeTarget;
			buildConfigurationList = 914CB760A6B94B4465BDCE8C /* Build configuration list for PBXNativeTarget "DateMaths" */;
			buildPhases = (
				914CB3414112A468B8E89004 /* Sources */,
				914CB4B7B1ACFFDA9690C1BC /* Frameworks */,
				914CBC0C843413FB88A0916F /* Resources */,
			);
			buildRules = (
			);
			dependencies = (
			);
			name = DateMaths;
			productName = DateMaths;
			productReference = 914CBD7B0D8FA667D1F3DFD3 /* DateMaths.app */;
			productType = "com.apple.product-type.application";
		};
/* End PBXNativeTarget section */

/* Begin PBXProject section */
		914CB53B2735A6BBBB7F30D1 /* Project object */ = {
			isa = PBXProject;
			attributes = {
				LastUpgradeCheck = 0620;
				ORGANIZATIONNAME = "";
			};
			buildConfigurationList = 914CBBD1CC29564A2FEED67F /* Build configuration list for PBXProject "DateMaths" */;
			compatibilityVersion = "Xcode 3.2";
			developmentRegion = English;
			hasScannedForEncodings = 0;
			knownRegions = (
				en,
			);
			mainGroup = 914CB79FD4C44969035FF80D;
			productRefGroup = 914CB686278262773B0FDF07 /* Products */;
			projectDirPath = "";
			projectRoot = "";
			targets = (
				914CBD8BD60D2A7EE055A073 /* DateMaths */,
				914CB8B41D6B67C9CB1AE543 /* DateMathsTests */,
			);
		};
/* End PBXProject section */

/* Begin PBXResourcesBuildPhase section */
		914CB16CF052AD8CAA59586D /* Resources */ = {
			isa = PBXResourcesBuildPhase;
			buildActionMask = 2147483647;
			files = (
			);
			runOnlyForDeploymentPostprocessing = 0;
		};
		914CBC0C843413FB88A0916F /* Resources */ = {
			isa = PBXResourcesBuildPhase;
			buildActionMask = 2147483647;
			files = (
				9E9E3C5B1B0B54AD00D49818 /* Neon Glow.ttf in Resources */,
				914CBD7FCD50F049842EDC89 /* Images.xcassets in Resources */,
				9E8B18BF1AF8F16E009EE106 /* background.mp3 in Resources */,
				9E9B14561AEB6D9B0044EC90 /* SimpleCollectionViewCell.xib in Resources */,
				914CB12CD7B79FA6332C1BFB /* LaunchScreen.xib in Resources */,
				9E8B18C01AF8F16E009EE106 /* marimba.m4a in Resources */,
				914CB6631C2F1FAD9401E283 /* Main.storyboard in Resources */,
			);
			runOnlyForDeploymentPostprocessing = 0;
		};
/* End PBXResourcesBuildPhase section */

/* Begin PBXShellScriptBuildPhase section */
		5829382E963DECB2D05C61EB /* Embed Pods Frameworks */ = {
			isa = PBXShellScriptBuildPhase;
			buildActionMask = 2147483647;
			files = (
			);
			inputPaths = (
			);
			name = "Embed Pods Frameworks";
			outputPaths = (
			);
			runOnlyForDeploymentPostprocessing = 0;
			shellPath = /bin/sh;
			shellScript = "\"${SRCROOT}/Pods/Target Support Files/Pods-DateMathsTests/Pods-DateMathsTests-frameworks.sh\"\n";
			showEnvVarsInLog = 0;
		};
		8FFA9401ADE93666C7CC8E2E /* Copy Pods Resources */ = {
			isa = PBXShellScriptBuildPhase;
			buildActionMask = 2147483647;
			files = (
			);
			inputPaths = (
			);
			name = "Copy Pods Resources";
			outputPaths = (
			);
			runOnlyForDeploymentPostprocessing = 0;
			shellPath = /bin/sh;
			shellScript = "\"${SRCROOT}/Pods/Target Support Files/Pods-DateMathsTests/Pods-DateMathsTests-resources.sh\"\n";
			showEnvVarsInLog = 0;
		};
		A22BCE6375ADB43456F7CC2B /* Check Pods Manifest.lock */ = {
			isa = PBXShellScriptBuildPhase;
			buildActionMask = 2147483647;
			files = (
			);
			inputPaths = (
			);
			name = "Check Pods Manifest.lock";
			outputPaths = (
			);
			runOnlyForDeploymentPostprocessing = 0;
			shellPath = /bin/sh;
			shellScript = "diff \"${PODS_ROOT}/../Podfile.lock\" \"${PODS_ROOT}/Manifest.lock\" > /dev/null\nif [[ $? != 0 ]] ; then\n    cat << EOM\nerror: The sandbox is not in sync with the Podfile.lock. Run 'pod install' or update your CocoaPods installation.\nEOM\n    exit 1\nfi\n";
			showEnvVarsInLog = 0;
		};
/* End PBXShellScriptBuildPhase section */

/* Begin PBXSourcesBuildPhase section */
		914CB3414112A468B8E89004 /* Sources */ = {
			isa = PBXSourcesBuildPhase;
			buildActionMask = 2147483647;
			files = (
				914CBF27319C07554EC7C084 /* main.m in Sources */,
				9E5F76D31AD236E0001D69F5 /* ResultsCollectionViewDataSource.m in Sources */,
				9E42E76F1AE2486B0084B471 /* LevelCollectionViewDataSource.m in Sources */,
				9E5F76CD1AD236E0001D69F5 /* Digit.m in Sources */,
				9ED317A01AED104D00AC2FD2 /* DragResultsMovingDynamicBehaviour.m in Sources */,
				914CBB2005A6995428799172 /* AppDelegate.m in Sources */,
				9E89CC121AC7F58B0086C816 /* DateMathsViewController.m in Sources */,
				9ED3179D1AEC636900AC2FD2 /* NumberWrappingLayoutCalculator.m in Sources */,
				9E42E7701AE2486B0084B471 /* LevelItem.m in Sources */,
				9E5F76CF1AD236E0001D69F5 /* DigitCollectionDataSource.m in Sources */,
				9E0E2A401B14A0E800640211 /* CalendarViewController.m in Sources */,
				9E5F76CE1AD236E0001D69F5 /* DigitCollection.m in Sources */,
				914CBCC3B96D5CA79BEE8C77 /* DateMathsViewModel.m in Sources */,
				914CBA5C037D61EFAE1DB001 /* CALayer+NewCategory.m in Sources */,
				9E5F76D21AD236E0001D69F5 /* OperatorCollectionDataSource.m in Sources */,
				9E42E76E1AE2486B0084B471 /* LevelCollection.m in Sources */,
				9E5F76D11AD236E0001D69F5 /* OperatorCollection.m in Sources */,
				9E9E3C651B0B678300D49818 /* BouncyBehaviour.m in Sources */,
				9E5F76D01AD236E0001D69F5 /* Operator.m in Sources */,
				914CBC31A9FEB09E009C5F71 /* ResultsCollection.m in Sources */,
				9E8B18C31AF8F4F5009EE106 /* SplashScreenViewController.m in Sources */,
				914CB1AD74274B059E6A4CA4 /* Parser.m in Sources */,
				914CB625B5561B8DF7E0CFC0 /* ParseItem.m in Sources */,
				9E9E3C621B0B64D000D49818 /* BouncingCubedViewController.m in Sources */,
				9E0E2A431B14A71800640211 /* CalendarDataSource.m in Sources */,
				914CB11C266DEB2DADC299AA /* ResultCollectionViewLayout.m in Sources */,
				914CB54CEA6F806041B8ABD3 /* SimpleCollectionViewCell.m in Sources */,
				914CB25FA31E1796A5461766 /* TestFixtures.m in Sources */,
				914CB715B7F26799094FEBFC /* DigitFactory.m in Sources */,
				914CB3B555D13EE7DE8E2E47 /* OperatorBuilder.m in Sources */,
				914CB95E9202F381887EBAFB /* OperatorFactory.m in Sources */,
				914CBCB678D93ADF1E4946BD /* DataItemView.m in Sources */,
				914CB937C64DEF7107080830 /* Sounds.m in Sources */,
				914CB790977D82F97414D330 /* OperatorMap.m in Sources */,
				914CB005DE9BE64B633FB760 /* UIColor+NewCategory.m in Sources */,
			);
			runOnlyForDeploymentPostprocessing = 0;
		};
		914CB5742FBD58B7668BAC0F /* Sources */ = {
			isa = PBXSourcesBuildPhase;
			buildActionMask = 2147483647;
			files = (
				9E7CF4341AD5481E00317897 /* ParserTest.m in Sources */,
				914CBFF934113B500AA477F7 /* ParserTestUtils.m in Sources */,
				914CB870AECF941BDF14E8C2 /* ExpressionTest.m in Sources */,
				914CB247703FFE19862A4699 /* NumberWrappingLayoutCalculatorTest.m in Sources */,
			);
			runOnlyForDeploymentPostprocessing = 0;
		};
/* End PBXSourcesBuildPhase section */

/* Begin PBXTargetDependency section */
		914CB1B514975F16CAD0F9CE /* PBXTargetDependency */ = {
			isa = PBXTargetDependency;
			target = 914CBD8BD60D2A7EE055A073 /* DateMaths */;
			targetProxy = 914CB23D2C09E09D3336CBDE /* PBXContainerItemProxy */;
		};
/* End PBXTargetDependency section */

/* Begin PBXVariantGroup section */
		914CB5E39B366B313E1A520F /* LaunchScreen.xib */ = {
			isa = PBXVariantGroup;
			children = (
				914CB1120D5FDF945F364A6F /* Base */,
			);
			name = LaunchScreen.xib;
			sourceTree = "<group>";
		};
		914CBB52F83F3C1DAC8B6625 /* Main.storyboard */ = {
			isa = PBXVariantGroup;
			children = (
				914CB8A696E0C0265376F126 /* Base */,
			);
			name = Main.storyboard;
			sourceTree = "<group>";
		};
/* End PBXVariantGroup section */

/* Begin XCBuildConfiguration section */
		914CB43A66EF1DF4364E48A2 /* Release */ = {
			isa = XCBuildConfiguration;
			buildSettings = {
				ASSETCATALOG_COMPILER_APPICON_NAME = AppIcon;
				INFOPLIST_FILE = DateMaths/Info.plist;
				LD_RUNPATH_SEARCH_PATHS = "$(inherited) @executable_path/Frameworks";
				PRODUCT_NAME = "$(TARGET_NAME)";
			};
			name = Release;
		};
		914CB5266451745E744E0B49 /* Debug */ = {
			isa = XCBuildConfiguration;
			buildSettings = {
				ALWAYS_SEARCH_USER_PATHS = NO;
				CLANG_CXX_LANGUAGE_STANDARD = "gnu++0x";
				CLANG_CXX_LIBRARY = "libc++";
				CLANG_ENABLE_MODULES = YES;
				CLANG_ENABLE_OBJC_ARC = YES;
				CLANG_WARN_BOOL_CONVERSION = YES;
				CLANG_WARN_CONSTANT_CONVERSION = YES;
				CLANG_WARN_DIRECT_OBJC_ISA_USAGE = YES_ERROR;
				CLANG_WARN_EMPTY_BODY = YES;
				CLANG_WARN_ENUM_CONVERSION = YES;
				CLANG_WARN_INT_CONVERSION = YES;
				CLANG_WARN_OBJC_ROOT_CLASS = YES_ERROR;
				CLANG_WARN_UNREACHABLE_CODE = YES;
				CLANG_WARN__DUPLICATE_METHOD_MATCH = YES;
				"CODE_SIGN_IDENTITY[sdk=iphoneos*]" = "iPhone Developer";
				COPY_PHASE_STRIP = NO;
				ENABLE_STRICT_OBJC_MSGSEND = YES;
				GCC_C_LANGUAGE_STANDARD = gnu99;
				GCC_DYNAMIC_NO_PIC = NO;
				GCC_OPTIMIZATION_LEVEL = 0;
				GCC_PREPROCESSOR_DEFINITIONS = (
					"DEBUG=1",
					"$(inherited)",
				);
				GCC_SYMBOLS_PRIVATE_EXTERN = NO;
				GCC_WARN_64_TO_32_BIT_CONVERSION = YES;
				GCC_WARN_ABOUT_RETURN_TYPE = YES_ERROR;
				GCC_WARN_UNDECLARED_SELECTOR = YES;
				GCC_WARN_UNINITIALIZED_AUTOS = YES_AGGRESSIVE;
				GCC_WARN_UNUSED_FUNCTION = YES;
				GCC_WARN_UNUSED_VARIABLE = YES;
				IPHONEOS_DEPLOYMENT_TARGET = 8.2;
				MTL_ENABLE_DEBUG_INFO = YES;
				ONLY_ACTIVE_ARCH = YES;
				SDKROOT = iphoneos;
				TARGETED_DEVICE_FAMILY = "1,2";
			};
			name = Debug;
		};
		914CB7F131ED7D1D05EF4874 /* Release */ = {
			isa = XCBuildConfiguration;
			buildSettings = {
				ALWAYS_SEARCH_USER_PATHS = NO;
				CLANG_CXX_LANGUAGE_STANDARD = "gnu++0x";
				CLANG_CXX_LIBRARY = "libc++";
				CLANG_ENABLE_MODULES = YES;
				CLANG_ENABLE_OBJC_ARC = YES;
				CLANG_WARN_BOOL_CONVERSION = YES;
				CLANG_WARN_CONSTANT_CONVERSION = YES;
				CLANG_WARN_DIRECT_OBJC_ISA_USAGE = YES_ERROR;
				CLANG_WARN_EMPTY_BODY = YES;
				CLANG_WARN_ENUM_CONVERSION = YES;
				CLANG_WARN_INT_CONVERSION = YES;
				CLANG_WARN_OBJC_ROOT_CLASS = YES_ERROR;
				CLANG_WARN_UNREACHABLE_CODE = YES;
				CLANG_WARN__DUPLICATE_METHOD_MATCH = YES;
				"CODE_SIGN_IDENTITY[sdk=iphoneos*]" = "iPhone Developer";
				COPY_PHASE_STRIP = NO;
				ENABLE_NS_ASSERTIONS = NO;
				ENABLE_STRICT_OBJC_MSGSEND = YES;
				GCC_C_LANGUAGE_STANDARD = gnu99;
				GCC_WARN_64_TO_32_BIT_CONVERSION = YES;
				GCC_WARN_ABOUT_RETURN_TYPE = YES_ERROR;
				GCC_WARN_UNDECLARED_SELECTOR = YES;
				GCC_WARN_UNINITIALIZED_AUTOS = YES_AGGRESSIVE;
				GCC_WARN_UNUSED_FUNCTION = YES;
				GCC_WARN_UNUSED_VARIABLE = YES;
				IPHONEOS_DEPLOYMENT_TARGET = 8.2;
				MTL_ENABLE_DEBUG_INFO = NO;
				SDKROOT = iphoneos;
				TARGETED_DEVICE_FAMILY = "1,2";
				VALIDATE_PRODUCT = YES;
			};
			name = Release;
		};
		914CB923F787E384D6CE06AB /* Debug */ = {
			isa = XCBuildConfiguration;
			baseConfigurationReference = BDA24A1FF30C550BE15C6B56 /* Pods-DateMathsTests.debug.xcconfig */;
			buildSettings = {
				BUNDLE_LOADER = "$(BUILT_PRODUCTS_DIR)/DateMaths.app/DateMaths";
				FRAMEWORK_SEARCH_PATHS = (
					"$(SDKROOT)/Developer/Library/Frameworks",
					"$(inherited)",
				);
				INFOPLIST_FILE = DateMathsTests/Info.plist;
				LD_RUNPATH_SEARCH_PATHS = "$(inherited) @executable_path/Frameworks @loader_path/Frameworks";
				PRODUCT_NAME = "$(TARGET_NAME)";
				TEST_HOST = "$(BUNDLE_LOADER)";
			};
			name = Debug;
		};
		914CB96193239CF7F6453C85 /* Release */ = {
			isa = XCBuildConfiguration;
			baseConfigurationReference = FD25788D443D0AC2A71F8ED8 /* Pods-DateMathsTests.release.xcconfig */;
			buildSettings = {
				BUNDLE_LOADER = "$(BUILT_PRODUCTS_DIR)/DateMaths.app/DateMaths";
				FRAMEWORK_SEARCH_PATHS = (
					"$(SDKROOT)/Developer/Library/Frameworks",
					"$(inherited)",
				);
				INFOPLIST_FILE = DateMathsTests/Info.plist;
				LD_RUNPATH_SEARCH_PATHS = "$(inherited) @executable_path/Frameworks @loader_path/Frameworks";
				PRODUCT_NAME = "$(TARGET_NAME)";
				TEST_HOST = "$(BUNDLE_LOADER)";
			};
			name = Release;
		};
		914CBAA0C6C24F02CCFA7EE6 /* Debug */ = {
			isa = XCBuildConfiguration;
			buildSettings = {
				ASSETCATALOG_COMPILER_APPICON_NAME = AppIcon;
				INFOPLIST_FILE = DateMaths/Info.plist;
				LD_RUNPATH_SEARCH_PATHS = "$(inherited) @executable_path/Frameworks";
				OTHER_LDFLAGS = "";
				PRODUCT_NAME = "$(TARGET_NAME)";
			};
			name = Debug;
		};
/* End XCBuildConfiguration section */

/* Begin XCConfigurationList section */
		914CB760A6B94B4465BDCE8C /* Build configuration list for PBXNativeTarget "DateMaths" */ = {
			isa = XCConfigurationList;
			buildConfigurations = (
				914CBAA0C6C24F02CCFA7EE6 /* Debug */,
				914CB43A66EF1DF4364E48A2 /* Release */,
			);
			defaultConfigurationIsVisible = 0;
			defaultConfigurationName = Release;
		};
		914CBBD1CC29564A2FEED67F /* Build configuration list for PBXProject "DateMaths" */ = {
			isa = XCConfigurationList;
			buildConfigurations = (
				914CB5266451745E744E0B49 /* Debug */,
				914CB7F131ED7D1D05EF4874 /* Release */,
			);
			defaultConfigurationIsVisible = 0;
			defaultConfigurationName = Release;
		};
		914CBCB7192BE08DCAC809BE /* Build configuration list for PBXNativeTarget "DateMathsTests" */ = {
			isa = XCConfigurationList;
			buildConfigurations = (
				914CB923F787E384D6CE06AB /* Debug */,
				914CB96193239CF7F6453C85 /* Release */,
			);
			defaultConfigurationIsVisible = 0;
			defaultConfigurationName = Release;
		};
/* End XCConfigurationList section */
	};
	rootObject = 914CB53B2735A6BBBB7F30D1 /* Project object */;
}
