// !$*UTF8*$!
{
	archiveVersion = 1;
	classes = {
	};
	objectVersion = 46;
	objects = {

/* Begin PBXBuildFile section */
		914CB12CD7B79FA6332C1BFB /* LaunchScreen.xib in Resources */ = {isa = PBXBuildFile; fileRef = 914CB5E39B366B313E1A520F /* LaunchScreen.xib */; };
		914CB4412521AEF574DEF2F2 /* Digit.m in Sources */ = {isa = PBXBuildFile; fileRef = 914CB86A2BA424D049C9CD24 /* Digit.m */; };
		914CB488D21B5E76926DA3BD /* DigitCollection.m in Sources */ = {isa = PBXBuildFile; fileRef = 914CB002441A5C2F3C11FBF7 /* DigitCollection.m */; };
		914CB640AB30B8F16E5D475C /* OperatorCollection.m in Sources */ = {isa = PBXBuildFile; fileRef = 914CBF9599D355C4D331DEC9 /* OperatorCollection.m */; };
		914CB6631C2F1FAD9401E283 /* Main.storyboard in Resources */ = {isa = PBXBuildFile; fileRef = 914CBB52F83F3C1DAC8B6625 /* Main.storyboard */; };
		914CB829FA4F1B405DBAC68F /* Operator.m in Sources */ = {isa = PBXBuildFile; fileRef = 914CBB4FC5CC8AF490F8C7D7 /* Operator.m */; };
		914CBA5C037D61EFAE1DB001 /* CALayer+NewCategory.m in Sources */ = {isa = PBXBuildFile; fileRef = 914CBF0DCA8CC6E6EDFE659A /* CALayer+NewCategory.m */; };
		914CBB2005A6995428799172 /* AppDelegate.m in Sources */ = {isa = PBXBuildFile; fileRef = 914CB479BAD5699ED9B7C2FA /* AppDelegate.m */; };
		914CBCC3B96D5CA79BEE8C77 /* DateMathsViewModel.m in Sources */ = {isa = PBXBuildFile; fileRef = 914CBA329EF88E051638C3E2 /* DateMathsViewModel.m */; };
		914CBD7FCD50F049842EDC89 /* Images.xcassets in Resources */ = {isa = PBXBuildFile; fileRef = 914CB9D3C69619BA9B98BB48 /* Images.xcassets */; };
		914CBF176BC1052841FFB9D1 /* DateMathsTests.m in Sources */ = {isa = PBXBuildFile; fileRef = 914CB50977B4279E38952DA1 /* DateMathsTests.m */; };
		914CBF27319C07554EC7C084 /* main.m in Sources */ = {isa = PBXBuildFile; fileRef = 914CB04F81F03B4475E8AAE0 /* main.m */; };
		9E7651021ACEB5400072D761 /* DateCellViewController.m in Sources */ = {isa = PBXBuildFile; fileRef = 9E7650F81ACEB5400072D761 /* DateCellViewController.m */; };
		9E7651031ACEB5400072D761 /* DateCellViewController.xib in Resources */ = {isa = PBXBuildFile; fileRef = 9E7650F91ACEB5400072D761 /* DateCellViewController.xib */; };
		9E7651041ACEB5400072D761 /* OperatorCellViewController.m in Sources */ = {isa = PBXBuildFile; fileRef = 9E7650FC1ACEB5400072D761 /* OperatorCellViewController.m */; };
		9E7651051ACEB5400072D761 /* OperatorCellViewController.xib in Resources */ = {isa = PBXBuildFile; fileRef = 9E7650FD1ACEB5400072D761 /* OperatorCellViewController.xib */; };
		9E7651061ACEB5400072D761 /* ResultsCellViewController.m in Sources */ = {isa = PBXBuildFile; fileRef = 9E7650FF1ACEB5400072D761 /* ResultsCellViewController.m */; };
		9E7651071ACEB5400072D761 /* ResultsCellViewController.xib in Resources */ = {isa = PBXBuildFile; fileRef = 9E7651001ACEB5400072D761 /* ResultsCellViewController.xib */; };
		9E89CC121AC7F58B0086C816 /* DateMathsViewController.m in Sources */ = {isa = PBXBuildFile; fileRef = 9E89CC111AC7F58B0086C816 /* DateMathsViewController.m */; };
/* End PBXBuildFile section */

/* Begin PBXContainerItemProxy section */
		914CB23D2C09E09D3336CBDE /* PBXContainerItemProxy */ = {
			isa = PBXContainerItemProxy;
			containerPortal = 914CB53B2735A6BBBB7F30D1 /* Project object */;
			proxyType = 1;
			remoteGlobalIDString = 914CBD8BD60D2A7EE055A073;
			remoteInfo = DateMaths;
		};
/* End PBXContainerItemProxy section */

/* Begin PBXFileReference section */
		914CB002441A5C2F3C11FBF7 /* DigitCollection.m */ = {isa = PBXFileReference; fileEncoding = 4; lastKnownFileType = sourcecode.c.objc; path = DigitCollection.m; sourceTree = "<group>"; };
		914CB04F81F03B4475E8AAE0 /* main.m */ = {isa = PBXFileReference; lastKnownFileType = sourcecode.c.objc; path = main.m; sourceTree = "<group>"; };
		914CB0700106B8A8C8F342B4 /* Operator.h */ = {isa = PBXFileReference; fileEncoding = 4; lastKnownFileType = sourcecode.c.h; path = Operator.h; sourceTree = "<group>"; };
		914CB0A91F98BAB9285CBFFF /* Info.plist */ = {isa = PBXFileReference; lastKnownFileType = text.plist.info; path = Info.plist; sourceTree = "<group>"; };
		914CB1120D5FDF945F364A6F /* Base */ = {isa = PBXFileReference; lastKnownFileType = file.xib; name = Base; path = Base.lproj/LaunchScreen.xib; sourceTree = "<group>"; };
		914CB1BC285DED776267516E /* DateMathsTests.xctest */ = {isa = PBXFileReference; explicitFileType = wrapper.cfbundle; includeInIndex = 0; path = DateMathsTests.xctest; sourceTree = BUILT_PRODUCTS_DIR; };
		914CB23BB76D29EF686EF388 /* OperatorCellDelegate.h */ = {isa = PBXFileReference; fileEncoding = 4; lastKnownFileType = sourcecode.c.h; path = OperatorCellDelegate.h; sourceTree = "<group>"; };
		914CB3D91A7F0934FAF71BC5 /* Digit.h */ = {isa = PBXFileReference; fileEncoding = 4; lastKnownFileType = sourcecode.c.h; path = Digit.h; sourceTree = "<group>"; };
		914CB479BAD5699ED9B7C2FA /* AppDelegate.m */ = {isa = PBXFileReference; lastKnownFileType = sourcecode.c.objc; path = AppDelegate.m; sourceTree = "<group>"; };
		914CB50977B4279E38952DA1 /* DateMathsTests.m */ = {isa = PBXFileReference; lastKnownFileType = sourcecode.c.objc; path = DateMathsTests.m; sourceTree = "<group>"; };
		914CB54EA3F6E6AABF8ED12E /* AppDelegate.h */ = {isa = PBXFileReference; lastKnownFileType = sourcecode.c.h; path = AppDelegate.h; sourceTree = "<group>"; };
		914CB617A680D7BFA7DA0596 /* DigitCollection.h */ = {isa = PBXFileReference; fileEncoding = 4; lastKnownFileType = sourcecode.c.h; path = DigitCollection.h; sourceTree = "<group>"; };
		914CB6375BE3E96890A1CF32 /* Info.plist */ = {isa = PBXFileReference; lastKnownFileType = text.plist.info; path = Info.plist; sourceTree = "<group>"; };
		914CB86A2BA424D049C9CD24 /* Digit.m */ = {isa = PBXFileReference; fileEncoding = 4; lastKnownFileType = sourcecode.c.objc; path = Digit.m; sourceTree = "<group>"; };
		914CB8A696E0C0265376F126 /* Base */ = {isa = PBXFileReference; lastKnownFileType = file.storyboard; name = Base; path = Base.lproj/Main.storyboard; sourceTree = "<group>"; };
		914CB9D3C69619BA9B98BB48 /* Images.xcassets */ = {isa = PBXFileReference; lastKnownFileType = folder.assetcatalog; path = Images.xcassets; sourceTree = "<group>"; };
		914CBA329EF88E051638C3E2 /* DateMathsViewModel.m */ = {isa = PBXFileReference; fileEncoding = 4; lastKnownFileType = sourcecode.c.objc; path = DateMathsViewModel.m; sourceTree = "<group>"; };
		914CBAA50A5591BB3AD060B6 /* CALayer+NewCategory.h */ = {isa = PBXFileReference; fileEncoding = 4; lastKnownFileType = sourcecode.c.h; path = "CALayer+NewCategory.h"; sourceTree = "<group>"; };
		914CBABF8458B64D6C56CCB5 /* DateMathsViewModel.h */ = {isa = PBXFileReference; fileEncoding = 4; lastKnownFileType = sourcecode.c.h; path = DateMathsViewModel.h; sourceTree = "<group>"; };
		914CBB4FC5CC8AF490F8C7D7 /* Operator.m */ = {isa = PBXFileReference; fileEncoding = 4; lastKnownFileType = sourcecode.c.objc; path = Operator.m; sourceTree = "<group>"; };
		914CBCB103C20492A80FAA0A /* OperatorCollection.h */ = {isa = PBXFileReference; fileEncoding = 4; lastKnownFileType = sourcecode.c.h; path = OperatorCollection.h; sourceTree = "<group>"; };
		914CBD7B0D8FA667D1F3DFD3 /* DateMaths.app */ = {isa = PBXFileReference; explicitFileType = wrapper.application; includeInIndex = 0; path = DateMaths.app; sourceTree = BUILT_PRODUCTS_DIR; };
		914CBF0DCA8CC6E6EDFE659A /* CALayer+NewCategory.m */ = {isa = PBXFileReference; fileEncoding = 4; lastKnownFileType = sourcecode.c.objc; path = "CALayer+NewCategory.m"; sourceTree = "<group>"; };
		914CBF9599D355C4D331DEC9 /* OperatorCollection.m */ = {isa = PBXFileReference; fileEncoding = 4; lastKnownFileType = sourcecode.c.objc; path = OperatorCollection.m; sourceTree = "<group>"; };
		9E7650F71ACEB5400072D761 /* DateCellViewController.h */ = {isa = PBXFileReference; fileEncoding = 4; lastKnownFileType = sourcecode.c.h; path = DateCellViewController.h; sourceTree = "<group>"; };
		9E7650F81ACEB5400072D761 /* DateCellViewController.m */ = {isa = PBXFileReference; fileEncoding = 4; lastKnownFileType = sourcecode.c.objc; path = DateCellViewController.m; sourceTree = "<group>"; };
		9E7650F91ACEB5400072D761 /* DateCellViewController.xib */ = {isa = PBXFileReference; fileEncoding = 4; lastKnownFileType = file.xib; path = DateCellViewController.xib; sourceTree = "<group>"; };
		9E7650FA1ACEB5400072D761 /* DateMathsViewDelegate.h */ = {isa = PBXFileReference; fileEncoding = 4; lastKnownFileType = sourcecode.c.h; path = DateMathsViewDelegate.h; sourceTree = "<group>"; };
		9E7650FB1ACEB5400072D761 /* OperatorCellViewController.h */ = {isa = PBXFileReference; fileEncoding = 4; lastKnownFileType = sourcecode.c.h; path = OperatorCellViewController.h; sourceTree = "<group>"; };
		9E7650FC1ACEB5400072D761 /* OperatorCellViewController.m */ = {isa = PBXFileReference; fileEncoding = 4; lastKnownFileType = sourcecode.c.objc; path = OperatorCellViewController.m; sourceTree = "<group>"; };
		9E7650FD1ACEB5400072D761 /* OperatorCellViewController.xib */ = {isa = PBXFileReference; fileEncoding = 4; lastKnownFileType = file.xib; path = OperatorCellViewController.xib; sourceTree = "<group>"; };
		9E7650FE1ACEB5400072D761 /* ResultsCellViewController.h */ = {isa = PBXFileReference; fileEncoding = 4; lastKnownFileType = sourcecode.c.h; path = ResultsCellViewController.h; sourceTree = "<group>"; };
		9E7650FF1ACEB5400072D761 /* ResultsCellViewController.m */ = {isa = PBXFileReference; fileEncoding = 4; lastKnownFileType = sourcecode.c.objc; path = ResultsCellViewController.m; sourceTree = "<group>"; };
		9E7651001ACEB5400072D761 /* ResultsCellViewController.xib */ = {isa = PBXFileReference; fileEncoding = 4; lastKnownFileType = file.xib; path = ResultsCellViewController.xib; sourceTree = "<group>"; };
		9E7651011ACEB5400072D761 /* ResultsCellViewDelegate.h */ = {isa = PBXFileReference; fileEncoding = 4; lastKnownFileType = sourcecode.c.h; path = ResultsCellViewDelegate.h; sourceTree = "<group>"; };
		9E89CC101AC7F58B0086C816 /* DateMathsViewController.h */ = {isa = PBXFileReference; fileEncoding = 4; lastKnownFileType = sourcecode.c.h; path = DateMathsViewController.h; sourceTree = "<group>"; };
		9E89CC111AC7F58B0086C816 /* DateMathsViewController.m */ = {isa = PBXFileReference; fileEncoding = 4; lastKnownFileType = sourcecode.c.objc; path = DateMathsViewController.m; sourceTree = "<group>"; };
/* End PBXFileReference section */

/* Begin PBXFrameworksBuildPhase section */
		914CB4B7B1ACFFDA9690C1BC /* Frameworks */ = {
			isa = PBXFrameworksBuildPhase;
			buildActionMask = 2147483647;
			files = (
			);
			runOnlyForDeploymentPostprocessing = 0;
		};
		914CB941924E778EFB3379C8 /* Frameworks */ = {
			isa = PBXFrameworksBuildPhase;
			buildActionMask = 2147483647;
			files = (
			);
			runOnlyForDeploymentPostprocessing = 0;
		};
/* End PBXFrameworksBuildPhase section */

/* Begin PBXGroup section */
		914CB3B821B5EDE5E8C139F1 /* Supporting Files */ = {
			isa = PBXGroup;
			children = (
				914CB0A91F98BAB9285CBFFF /* Info.plist */,
			);
			name = "Supporting Files";
			sourceTree = "<group>";
		};
		914CB63F45E87E6A734ED989 /* DateMathsTests */ = {
			isa = PBXGroup;
			children = (
				914CB3B821B5EDE5E8C139F1 /* Supporting Files */,
				914CB50977B4279E38952DA1 /* DateMathsTests.m */,
			);
			path = DateMathsTests;
			sourceTree = "<group>";
		};
		914CB686278262773B0FDF07 /* Products */ = {
			isa = PBXGroup;
			children = (
				914CBD7B0D8FA667D1F3DFD3 /* DateMaths.app */,
				914CB1BC285DED776267516E /* DateMathsTests.xctest */,
			);
			name = Products;
			sourceTree = "<group>";
		};
		914CB79FD4C44969035FF80D = {
			isa = PBXGroup;
			children = (
				914CB686278262773B0FDF07 /* Products */,
				914CBC5C97790867B37B96F4 /* DateMaths */,
				914CB63F45E87E6A734ED989 /* DateMathsTests */,
			);
			sourceTree = "<group>";
		};
		914CB8ECE2DC34F51FC0FB4F /* Supporting Files */ = {
			isa = PBXGroup;
			children = (
				914CB6375BE3E96890A1CF32 /* Info.plist */,
				914CB04F81F03B4475E8AAE0 /* main.m */,
			);
			name = "Supporting Files";
			sourceTree = "<group>";
		};
		914CBC5C97790867B37B96F4 /* DateMaths */ = {
			isa = PBXGroup;
			children = (
				914CB54EA3F6E6AABF8ED12E /* AppDelegate.h */,
				914CB479BAD5699ED9B7C2FA /* AppDelegate.m */,
				914CBAA50A5591BB3AD060B6 /* CALayer+NewCategory.h */,
				914CBF0DCA8CC6E6EDFE659A /* CALayer+NewCategory.m */,
				9E7650F61ACEB5400072D761 /* Cells */,
				9E89CC101AC7F58B0086C816 /* DateMathsViewController.h */,
				9E89CC111AC7F58B0086C816 /* DateMathsViewController.m */,
				914CBABF8458B64D6C56CCB5 /* DateMathsViewModel.h */,
				914CBA329EF88E051638C3E2 /* DateMathsViewModel.m */,
				914CB3D91A7F0934FAF71BC5 /* Digit.h */,
				914CB86A2BA424D049C9CD24 /* Digit.m */,
				914CB617A680D7BFA7DA0596 /* DigitCollection.h */,
				914CB002441A5C2F3C11FBF7 /* DigitCollection.m */,
				914CB9D3C69619BA9B98BB48 /* Images.xcassets */,
				914CB5E39B366B313E1A520F /* LaunchScreen.xib */,
				914CBB52F83F3C1DAC8B6625 /* Main.storyboard */,
				914CB8ECE2DC34F51FC0FB4F /* Supporting Files */,
				914CBB4FC5CC8AF490F8C7D7 /* Operator.m */,
				914CB0700106B8A8C8F342B4 /* Operator.h */,
				914CBF9599D355C4D331DEC9 /* OperatorCollection.m */,
				914CBCB103C20492A80FAA0A /* OperatorCollection.h */,
			);
			path = DateMaths;
			sourceTree = "<group>";
		};
		9E7650F61ACEB5400072D761 /* Cells */ = {
			isa = PBXGroup;
			children = (
				9E7650F71ACEB5400072D761 /* DateCellViewController.h */,
				9E7650F81ACEB5400072D761 /* DateCellViewController.m */,
				9E7650F91ACEB5400072D761 /* DateCellViewController.xib */,
				9E7650FA1ACEB5400072D761 /* DateMathsViewDelegate.h */,
				9E7650FB1ACEB5400072D761 /* OperatorCellViewController.h */,
				9E7650FC1ACEB5400072D761 /* OperatorCellViewController.m */,
				9E7650FD1ACEB5400072D761 /* OperatorCellViewController.xib */,
				9E7650FE1ACEB5400072D761 /* ResultsCellViewController.h */,
				9E7650FF1ACEB5400072D761 /* ResultsCellViewController.m */,
				9E7651001ACEB5400072D761 /* ResultsCellViewController.xib */,
				9E7651011ACEB5400072D761 /* ResultsCellViewDelegate.h */,
				914CB23BB76D29EF686EF388 /* OperatorCellDelegate.h */,
			);
			path = Cells;
			sourceTree = "<group>";
		};
/* End PBXGroup section */

/* Begin PBXNativeTarget section */
		914CB8B41D6B67C9CB1AE543 /* DateMathsTests */ = {
			isa = PBXNativeTarget;
			buildConfigurationList = 914CBCB7192BE08DCAC809BE /* Build configuration list for PBXNativeTarget "DateMathsTests" */;
			buildPhases = (
				914CB5742FBD58B7668BAC0F /* Sources */,
				914CB941924E778EFB3379C8 /* Frameworks */,
				914CB16CF052AD8CAA59586D /* Resources */,
			);
			buildRules = (
			);
			dependencies = (
				914CB1B514975F16CAD0F9CE /* PBXTargetDependency */,
			);
			name = DateMathsTests;
			productName = DateMathsTests;
			productReference = 914CB1BC285DED776267516E /* DateMathsTests.xctest */;
			productType = "com.apple.product-type.bundle.unit-test";
		};
		914CBD8BD60D2A7EE055A073 /* DateMaths */ = {
			isa = PBXNativeTarget;
			buildConfigurationList = 914CB760A6B94B4465BDCE8C /* Build configuration list for PBXNativeTarget "DateMaths" */;
			buildPhases = (
				914CB3414112A468B8E89004 /* Sources */,
				914CB4B7B1ACFFDA9690C1BC /* Frameworks */,
				914CBC0C843413FB88A0916F /* Resources */,
			);
			buildRules = (
			);
			dependencies = (
			);
			name = DateMaths;
			productName = DateMaths;
			productReference = 914CBD7B0D8FA667D1F3DFD3 /* DateMaths.app */;
			productType = "com.apple.product-type.application";
		};
/* End PBXNativeTarget section */

/* Begin PBXProject section */
		914CB53B2735A6BBBB7F30D1 /* Project object */ = {
			isa = PBXProject;
			attributes = {
				ORGANIZATIONNAME = "___FULLUSERNAME___";
			};
			buildConfigurationList = 914CBBD1CC29564A2FEED67F /* Build configuration list for PBXProject "DateMaths" */;
			compatibilityVersion = "Xcode 3.2";
			developmentRegion = English;
			hasScannedForEncodings = 0;
			knownRegions = (
				en,
			);
			mainGroup = 914CB79FD4C44969035FF80D;
			productRefGroup = 914CB686278262773B0FDF07 /* Products */;
			projectDirPath = "";
			projectRoot = "";
			targets = (
				914CBD8BD60D2A7EE055A073 /* DateMaths */,
				914CB8B41D6B67C9CB1AE543 /* DateMathsTests */,
			);
		};
/* End PBXProject section */

/* Begin PBXResourcesBuildPhase section */
		914CB16CF052AD8CAA59586D /* Resources */ = {
			isa = PBXResourcesBuildPhase;
			buildActionMask = 2147483647;
			files = (
			);
			runOnlyForDeploymentPostprocessing = 0;
		};
		914CBC0C843413FB88A0916F /* Resources */ = {
			isa = PBXResourcesBuildPhase;
			buildActionMask = 2147483647;
			files = (
				914CBD7FCD50F049842EDC89 /* Images.xcassets in Resources */,
				9E7651051ACEB5400072D761 /* OperatorCellViewController.xib in Resources */,
				914CB12CD7B79FA6332C1BFB /* LaunchScreen.xib in Resources */,
				914CB6631C2F1FAD9401E283 /* Main.storyboard in Resources */,
				9E7651031ACEB5400072D761 /* DateCellViewController.xib in Resources */,
				9E7651071ACEB5400072D761 /* ResultsCellViewController.xib in Resources */,
			);
			runOnlyForDeploymentPostprocessing = 0;
		};
/* End PBXResourcesBuildPhase section */

/* Begin PBXSourcesBuildPhase section */
		914CB3414112A468B8E89004 /* Sources */ = {
			isa = PBXSourcesBuildPhase;
			buildActionMask = 2147483647;
			files = (
				914CBF27319C07554EC7C084 /* main.m in Sources */,
				914CBB2005A6995428799172 /* AppDelegate.m in Sources */,
				9E89CC121AC7F58B0086C816 /* DateMathsViewController.m in Sources */,
				9E7651061ACEB5400072D761 /* ResultsCellViewController.m in Sources */,
				914CBCC3B96D5CA79BEE8C77 /* DateMathsViewModel.m in Sources */,
				914CB4412521AEF574DEF2F2 /* Digit.m in Sources */,
				9E7651041ACEB5400072D761 /* OperatorCellViewController.m in Sources */,
				914CB488D21B5E76926DA3BD /* DigitCollection.m in Sources */,
				914CBA5C037D61EFAE1DB001 /* CALayer+NewCategory.m in Sources */,
				9E7651021ACEB5400072D761 /* DateCellViewController.m in Sources */,
				914CB829FA4F1B405DBAC68F /* Operator.m in Sources */,
				914CB640AB30B8F16E5D475C /* OperatorCollection.m in Sources */,
			);
			runOnlyForDeploymentPostprocessing = 0;
		};
		914CB5742FBD58B7668BAC0F /* Sources */ = {
			isa = PBXSourcesBuildPhase;
			buildActionMask = 2147483647;
			files = (
				914CBF176BC1052841FFB9D1 /* DateMathsTests.m in Sources */,
			);
			runOnlyForDeploymentPostprocessing = 0;
		};
/* End PBXSourcesBuildPhase section */

/* Begin PBXTargetDependency section */
		914CB1B514975F16CAD0F9CE /* PBXTargetDependency */ = {
			isa = PBXTargetDependency;
			target = 914CBD8BD60D2A7EE055A073 /* DateMaths */;
			targetProxy = 914CB23D2C09E09D3336CBDE /* PBXContainerItemProxy */;
		};
/* End PBXTargetDependency section */

/* Begin PBXVariantGroup section */
		914CB5E39B366B313E1A520F /* LaunchScreen.xib */ = {
			isa = PBXVariantGroup;
			children = (
				914CB1120D5FDF945F364A6F /* Base */,
			);
			name = LaunchScreen.xib;
			sourceTree = "<group>";
		};
		914CBB52F83F3C1DAC8B6625 /* Main.storyboard */ = {
			isa = PBXVariantGroup;
			children = (
				914CB8A696E0C0265376F126 /* Base */,
			);
			name = Main.storyboard;
			sourceTree = "<group>";
		};
/* End PBXVariantGroup section */

/* Begin XCBuildConfiguration section */
		914CB43A66EF1DF4364E48A2 /* Release */ = {
			isa = XCBuildConfiguration;
			buildSettings = {
				ASSETCATALOG_COMPILER_APPICON_NAME = AppIcon;
				INFOPLIST_FILE = DateMaths/Info.plist;
				LD_RUNPATH_SEARCH_PATHS = "$(inherited) @executable_path/Frameworks";
				PRODUCT_NAME = "$(TARGET_NAME)";
			};
			name = Release;
		};
		914CB5266451745E744E0B49 /* Debug */ = {
			isa = XCBuildConfiguration;
			buildSettings = {
				ALWAYS_SEARCH_USER_PATHS = NO;
				CLANG_CXX_LANGUAGE_STANDARD = "gnu++0x";
				CLANG_CXX_LIBRARY = "libc++";
				CLANG_ENABLE_MODULES = YES;
				CLANG_ENABLE_OBJC_ARC = YES;
				CLANG_WARN_BOOL_CONVERSION = YES;
				CLANG_WARN_CONSTANT_CONVERSION = YES;
				CLANG_WARN_DIRECT_OBJC_ISA_USAGE = YES_ERROR;
				CLANG_WARN_EMPTY_BODY = YES;
				CLANG_WARN_ENUM_CONVERSION = YES;
				CLANG_WARN_INT_CONVERSION = YES;
				CLANG_WARN_OBJC_ROOT_CLASS = YES_ERROR;
				CLANG_WARN_UNREACHABLE_CODE = YES;
				CLANG_WARN__DUPLICATE_METHOD_MATCH = YES;
				"CODE_SIGN_IDENTITY[sdk=iphoneos*]" = "iPhone Developer";
				COPY_PHASE_STRIP = NO;
				ENABLE_STRICT_OBJC_MSGSEND = YES;
				GCC_C_LANGUAGE_STANDARD = gnu99;
				GCC_DYNAMIC_NO_PIC = NO;
				GCC_OPTIMIZATION_LEVEL = 0;
				GCC_PREPROCESSOR_DEFINITIONS = (
					"DEBUG=1",
					"$(inherited)",
				);
				GCC_SYMBOLS_PRIVATE_EXTERN = NO;
				GCC_WARN_64_TO_32_BIT_CONVERSION = YES;
				GCC_WARN_ABOUT_RETURN_TYPE = YES_ERROR;
				GCC_WARN_UNDECLARED_SELECTOR = YES;
				GCC_WARN_UNINITIALIZED_AUTOS = YES_AGGRESSIVE;
				GCC_WARN_UNUSED_FUNCTION = YES;
				GCC_WARN_UNUSED_VARIABLE = YES;
				IPHONEOS_DEPLOYMENT_TARGET = 8.2;
				MTL_ENABLE_DEBUG_INFO = YES;
				ONLY_ACTIVE_ARCH = YES;
				SDKROOT = iphoneos;
				TARGETED_DEVICE_FAMILY = "1,2";
			};
			name = Debug;
		};
		914CB7F131ED7D1D05EF4874 /* Release */ = {
			isa = XCBuildConfiguration;
			buildSettings = {
				ALWAYS_SEARCH_USER_PATHS = NO;
				CLANG_CXX_LANGUAGE_STANDARD = "gnu++0x";
				CLANG_CXX_LIBRARY = "libc++";
				CLANG_ENABLE_MODULES = YES;
				CLANG_ENABLE_OBJC_ARC = YES;
				CLANG_WARN_BOOL_CONVERSION = YES;
				CLANG_WARN_CONSTANT_CONVERSION = YES;
				CLANG_WARN_DIRECT_OBJC_ISA_USAGE = YES_ERROR;
				CLANG_WARN_EMPTY_BODY = YES;
				CLANG_WARN_ENUM_CONVERSION = YES;
				CLANG_WARN_INT_CONVERSION = YES;
				CLANG_WARN_OBJC_ROOT_CLASS = YES_ERROR;
				CLANG_WARN_UNREACHABLE_CODE = YES;
				CLANG_WARN__DUPLICATE_METHOD_MATCH = YES;
				"CODE_SIGN_IDENTITY[sdk=iphoneos*]" = "iPhone Developer";
				COPY_PHASE_STRIP = NO;
				ENABLE_NS_ASSERTIONS = NO;
				ENABLE_STRICT_OBJC_MSGSEND = YES;
				GCC_C_LANGUAGE_STANDARD = gnu99;
				GCC_WARN_64_TO_32_BIT_CONVERSION = YES;
				GCC_WARN_ABOUT_RETURN_TYPE = YES_ERROR;
				GCC_WARN_UNDECLARED_SELECTOR = YES;
				GCC_WARN_UNINITIALIZED_AUTOS = YES_AGGRESSIVE;
				GCC_WARN_UNUSED_FUNCTION = YES;
				GCC_WARN_UNUSED_VARIABLE = YES;
				IPHONEOS_DEPLOYMENT_TARGET = 8.2;
				MTL_ENABLE_DEBUG_INFO = NO;
				SDKROOT = iphoneos;
				TARGETED_DEVICE_FAMILY = "1,2";
				VALIDATE_PRODUCT = YES;
			};
			name = Release;
		};
		914CB923F787E384D6CE06AB /* Debug */ = {
			isa = XCBuildConfiguration;
			buildSettings = {
				BUNDLE_LOADER = "$(BUILT_PRODUCTS_DIR)/DateMaths.app/DateMaths";
				FRAMEWORK_SEARCH_PATHS = (
					"$(SDKROOT)/Developer/Library/Frameworks",
					"$(inherited)",
				);
				INFOPLIST_FILE = DateMathsTests/Info.plist;
				LD_RUNPATH_SEARCH_PATHS = "$(inherited) @executable_path/Frameworks @loader_path/Frameworks";
				PRODUCT_NAME = "$(TARGET_NAME)";
				TEST_HOST = "$(BUNDLE_LOADER)";
			};
			name = Debug;
		};
		914CB96193239CF7F6453C85 /* Release */ = {
			isa = XCBuildConfiguration;
			buildSettings = {
				BUNDLE_LOADER = "$(BUILT_PRODUCTS_DIR)/DateMaths.app/DateMaths";
				FRAMEWORK_SEARCH_PATHS = (
					"$(SDKROOT)/Developer/Library/Frameworks",
					"$(inherited)",
				);
				INFOPLIST_FILE = DateMathsTests/Info.plist;
				LD_RUNPATH_SEARCH_PATHS = "$(inherited) @executable_path/Frameworks @loader_path/Frameworks";
				PRODUCT_NAME = "$(TARGET_NAME)";
				TEST_HOST = "$(BUNDLE_LOADER)";
			};
			name = Release;
		};
		914CBAA0C6C24F02CCFA7EE6 /* Debug */ = {
			isa = XCBuildConfiguration;
			buildSettings = {
				ASSETCATALOG_COMPILER_APPICON_NAME = AppIcon;
				INFOPLIST_FILE = DateMaths/Info.plist;
				LD_RUNPATH_SEARCH_PATHS = "$(inherited) @executable_path/Frameworks";
				PRODUCT_NAME = "$(TARGET_NAME)";
			};
			name = Debug;
		};
/* End XCBuildConfiguration section */

/* Begin XCConfigurationList section */
		914CB760A6B94B4465BDCE8C /* Build configuration list for PBXNativeTarget "DateMaths" */ = {
			isa = XCConfigurationList;
			buildConfigurations = (
				914CBAA0C6C24F02CCFA7EE6 /* Debug */,
				914CB43A66EF1DF4364E48A2 /* Release */,
			);
			defaultConfigurationIsVisible = 0;
			defaultConfigurationName = Release;
		};
		914CBBD1CC29564A2FEED67F /* Build configuration list for PBXProject "DateMaths" */ = {
			isa = XCConfigurationList;
			buildConfigurations = (
				914CB5266451745E744E0B49 /* Debug */,
				914CB7F131ED7D1D05EF4874 /* Release */,
			);
			defaultConfigurationIsVisible = 0;
			defaultConfigurationName = Release;
		};
		914CBCB7192BE08DCAC809BE /* Build configuration list for PBXNativeTarget "DateMathsTests" */ = {
			isa = XCConfigurationList;
			buildConfigurations = (
				914CB923F787E384D6CE06AB /* Debug */,
				914CB96193239CF7F6453C85 /* Release */,
			);
			defaultConfigurationIsVisible = 0;
			defaultConfigurationName = Release;
		};
/* End XCConfigurationList section */
	};
	rootObject = 914CB53B2735A6BBBB7F30D1 /* Project object */;
}
